// !$*UTF8*$!
{
	archiveVersion = 1;
	classes = {
	};
	objectVersion = 52;
	objects = {

/* Begin PBXBuildFile section */
		4590B3A02819323D0069E66F /* PINRemoteImage.xcframework in Frameworks */ = {isa = PBXBuildFile; fileRef = 4590B3972819323D0069E66F /* PINRemoteImage.xcframework */; };
		4590B3A12819323D0069E66F /* PINRemoteImage.xcframework in Embed Frameworks */ = {isa = PBXBuildFile; fileRef = 4590B3972819323D0069E66F /* PINRemoteImage.xcframework */; settings = {ATTRIBUTES = (CodeSignOnCopy, RemoveHeadersOnCopy, ); }; };
		4590B3A22819323D0069E66F /* PINCache.xcframework in Frameworks */ = {isa = PBXBuildFile; fileRef = 4590B3982819323D0069E66F /* PINCache.xcframework */; };
		4590B3A32819323D0069E66F /* PINCache.xcframework in Embed Frameworks */ = {isa = PBXBuildFile; fileRef = 4590B3982819323D0069E66F /* PINCache.xcframework */; settings = {ATTRIBUTES = (CodeSignOnCopy, RemoveHeadersOnCopy, ); }; };
		4590B3A42819323D0069E66F /* RxDataSources.xcframework in Frameworks */ = {isa = PBXBuildFile; fileRef = 4590B3992819323D0069E66F /* RxDataSources.xcframework */; };
		4590B3A52819323D0069E66F /* RxDataSources.xcframework in Embed Frameworks */ = {isa = PBXBuildFile; fileRef = 4590B3992819323D0069E66F /* RxDataSources.xcframework */; settings = {ATTRIBUTES = (CodeSignOnCopy, RemoveHeadersOnCopy, ); }; };
		4590B3A62819323D0069E66F /* RxRelay.xcframework in Frameworks */ = {isa = PBXBuildFile; fileRef = 4590B39A2819323D0069E66F /* RxRelay.xcframework */; };
		4590B3A72819323D0069E66F /* RxRelay.xcframework in Embed Frameworks */ = {isa = PBXBuildFile; fileRef = 4590B39A2819323D0069E66F /* RxRelay.xcframework */; settings = {ATTRIBUTES = (CodeSignOnCopy, RemoveHeadersOnCopy, ); }; };
		4590B3A82819323D0069E66F /* RxCocoa.xcframework in Frameworks */ = {isa = PBXBuildFile; fileRef = 4590B39B2819323D0069E66F /* RxCocoa.xcframework */; };
		4590B3A92819323D0069E66F /* RxCocoa.xcframework in Embed Frameworks */ = {isa = PBXBuildFile; fileRef = 4590B39B2819323D0069E66F /* RxCocoa.xcframework */; settings = {ATTRIBUTES = (CodeSignOnCopy, RemoveHeadersOnCopy, ); }; };
		4590B3AA2819323D0069E66F /* Differentiator.xcframework in Frameworks */ = {isa = PBXBuildFile; fileRef = 4590B39C2819323D0069E66F /* Differentiator.xcframework */; };
		4590B3AB2819323D0069E66F /* Differentiator.xcframework in Embed Frameworks */ = {isa = PBXBuildFile; fileRef = 4590B39C2819323D0069E66F /* Differentiator.xcframework */; settings = {ATTRIBUTES = (CodeSignOnCopy, RemoveHeadersOnCopy, ); }; };
		4590B3AC2819323D0069E66F /* RxSwift.xcframework in Frameworks */ = {isa = PBXBuildFile; fileRef = 4590B39D2819323D0069E66F /* RxSwift.xcframework */; };
		4590B3AD2819323D0069E66F /* RxSwift.xcframework in Embed Frameworks */ = {isa = PBXBuildFile; fileRef = 4590B39D2819323D0069E66F /* RxSwift.xcframework */; settings = {ATTRIBUTES = (CodeSignOnCopy, RemoveHeadersOnCopy, ); }; };
		4590B3AE2819323D0069E66F /* PINOperation.xcframework in Frameworks */ = {isa = PBXBuildFile; fileRef = 4590B39E2819323D0069E66F /* PINOperation.xcframework */; };
		4590B3AF2819323D0069E66F /* PINOperation.xcframework in Embed Frameworks */ = {isa = PBXBuildFile; fileRef = 4590B39E2819323D0069E66F /* PINOperation.xcframework */; settings = {ATTRIBUTES = (CodeSignOnCopy, RemoveHeadersOnCopy, ); }; };
		4590B3B02819323E0069E66F /* AsyncDisplayKit.xcframework in Frameworks */ = {isa = PBXBuildFile; fileRef = 4590B39F2819323D0069E66F /* AsyncDisplayKit.xcframework */; };
		4590B3B12819323E0069E66F /* AsyncDisplayKit.xcframework in Embed Frameworks */ = {isa = PBXBuildFile; fileRef = 4590B39F2819323D0069E66F /* AsyncDisplayKit.xcframework */; settings = {ATTRIBUTES = (CodeSignOnCopy, RemoveHeadersOnCopy, ); }; };
		4590B3B3281932600069E66F /* AsyncDisplayKit.xcframework in Frameworks */ = {isa = PBXBuildFile; fileRef = 4590B39F2819323D0069E66F /* AsyncDisplayKit.xcframework */; };
		4590B3B4281932600069E66F /* AsyncDisplayKit.xcframework in Embed Frameworks */ = {isa = PBXBuildFile; fileRef = 4590B39F2819323D0069E66F /* AsyncDisplayKit.xcframework */; settings = {ATTRIBUTES = (CodeSignOnCopy, RemoveHeadersOnCopy, ); }; };
		4590B3B5281932600069E66F /* Differentiator.xcframework in Frameworks */ = {isa = PBXBuildFile; fileRef = 4590B39C2819323D0069E66F /* Differentiator.xcframework */; };
		4590B3B6281932600069E66F /* Differentiator.xcframework in Embed Frameworks */ = {isa = PBXBuildFile; fileRef = 4590B39C2819323D0069E66F /* Differentiator.xcframework */; settings = {ATTRIBUTES = (CodeSignOnCopy, RemoveHeadersOnCopy, ); }; };
		4590B3BD281932600069E66F /* RxCocoa.xcframework in Frameworks */ = {isa = PBXBuildFile; fileRef = 4590B39B2819323D0069E66F /* RxCocoa.xcframework */; };
		4590B3BE281932600069E66F /* RxCocoa.xcframework in Embed Frameworks */ = {isa = PBXBuildFile; fileRef = 4590B39B2819323D0069E66F /* RxCocoa.xcframework */; settings = {ATTRIBUTES = (CodeSignOnCopy, RemoveHeadersOnCopy, ); }; };
		4590B3C3281932600069E66F /* RxSwift.xcframework in Frameworks */ = {isa = PBXBuildFile; fileRef = 4590B39D2819323D0069E66F /* RxSwift.xcframework */; };
		4590B3C4281932600069E66F /* RxSwift.xcframework in Embed Frameworks */ = {isa = PBXBuildFile; fileRef = 4590B39D2819323D0069E66F /* RxSwift.xcframework */; settings = {ATTRIBUTES = (CodeSignOnCopy, RemoveHeadersOnCopy, ); }; };
		57826BA01F29477000FB0414 /* RxASCollectionReloadDataSource.swift in Sources */ = {isa = PBXBuildFile; fileRef = 57826B9F1F29477000FB0414 /* RxASCollectionReloadDataSource.swift */; };
		57826BA21F29485500FB0414 /* RxASTableReloadDataSource.swift in Sources */ = {isa = PBXBuildFile; fileRef = 57826BA11F29485500FB0414 /* RxASTableReloadDataSource.swift */; };
		57826BAA1F29491800FB0414 /* AppDelegate.swift in Sources */ = {isa = PBXBuildFile; fileRef = 57826BA91F29491800FB0414 /* AppDelegate.swift */; };
		57826BAC1F29491800FB0414 /* ViewController.swift in Sources */ = {isa = PBXBuildFile; fileRef = 57826BAB1F29491800FB0414 /* ViewController.swift */; };
		57826BAF1F29491800FB0414 /* Main.storyboard in Resources */ = {isa = PBXBuildFile; fileRef = 57826BAD1F29491800FB0414 /* Main.storyboard */; };
		57826BB11F29491800FB0414 /* Assets.xcassets in Resources */ = {isa = PBXBuildFile; fileRef = 57826BB01F29491800FB0414 /* Assets.xcassets */; };
		57826BB41F29491800FB0414 /* LaunchScreen.storyboard in Resources */ = {isa = PBXBuildFile; fileRef = 57826BB21F29491800FB0414 /* LaunchScreen.storyboard */; };
		57826BBA1F2949D900FB0414 /* ASTableNode+Rx.swift in Sources */ = {isa = PBXBuildFile; fileRef = 57826BB91F2949D900FB0414 /* ASTableNode+Rx.swift */; };
		57826BBD1F294DC800FB0414 /* RxASCollectionDataSourceProxy.swift in Sources */ = {isa = PBXBuildFile; fileRef = 57E5635E1F291597002E825B /* RxASCollectionDataSourceProxy.swift */; };
		57826BBE1F294DC800FB0414 /* RxASCollectionDelegateProxy.swift in Sources */ = {isa = PBXBuildFile; fileRef = 57E5635F1F291597002E825B /* RxASCollectionDelegateProxy.swift */; };
		57826BBF1F294DC800FB0414 /* RxASTableDataSourceProxy.swift in Sources */ = {isa = PBXBuildFile; fileRef = 57E563601F291597002E825B /* RxASTableDataSourceProxy.swift */; };
		57826BC01F294DC800FB0414 /* RxASTableDelegateProxy.swift in Sources */ = {isa = PBXBuildFile; fileRef = 57E563611F291597002E825B /* RxASTableDelegateProxy.swift */; };
		57826BC11F294DCF00FB0414 /* RxHelpers.swift in Sources */ = {isa = PBXBuildFile; fileRef = 57E5632B1F290656002E825B /* RxHelpers.swift */; };
		57826BC21F294DCF00FB0414 /* ASDelegateProxy.swift in Sources */ = {isa = PBXBuildFile; fileRef = 57E5632D1F29066F002E825B /* ASDelegateProxy.swift */; };
		57826BC41F294DD200FB0414 /* ASCollectionNode+SectionViewType.swift in Sources */ = {isa = PBXBuildFile; fileRef = 57E563691F291A81002E825B /* ASCollectionNode+SectionViewType.swift */; };
		57826BC51F294DD200FB0414 /* ASCollectionSectionedDataSource.swift in Sources */ = {isa = PBXBuildFile; fileRef = 57E563541F290B8D002E825B /* ASCollectionSectionedDataSource.swift */; };
		57826BC61F294DD200FB0414 /* RxASCollectionDataSourceType.swift in Sources */ = {isa = PBXBuildFile; fileRef = 57E563501F2907B3002E825B /* RxASCollectionDataSourceType.swift */; };
		57826BC71F294DD200FB0414 /* RxASCollectionAnimatedDataSource.swift in Sources */ = {isa = PBXBuildFile; fileRef = 57E563661F29176A002E825B /* RxASCollectionAnimatedDataSource.swift */; };
		57826BC81F294DD200FB0414 /* RxASCollectionReloadDataSource.swift in Sources */ = {isa = PBXBuildFile; fileRef = 57826B9F1F29477000FB0414 /* RxASCollectionReloadDataSource.swift */; };
		57826BC91F294DD600FB0414 /* ASTableNode+Rx.swift in Sources */ = {isa = PBXBuildFile; fileRef = 57826BB91F2949D900FB0414 /* ASTableNode+Rx.swift */; };
		57826BCA1F294DD600FB0414 /* ASTableNode+SectionedViewType.swift in Sources */ = {isa = PBXBuildFile; fileRef = 57E5636B1F291ACC002E825B /* ASTableNode+SectionedViewType.swift */; };
		57826BCB1F294DD600FB0414 /* ASTableSectionedDataSource.swift in Sources */ = {isa = PBXBuildFile; fileRef = 57E563411F290718002E825B /* ASTableSectionedDataSource.swift */; };
		57826BCC1F294DD600FB0414 /* RxASTableDataSourceType.swift in Sources */ = {isa = PBXBuildFile; fileRef = 57E563441F290718002E825B /* RxASTableDataSourceType.swift */; };
		57826BCD1F294DD600FB0414 /* RxASTableAnimatedDataSource.swift in Sources */ = {isa = PBXBuildFile; fileRef = 57E563421F290718002E825B /* RxASTableAnimatedDataSource.swift */; };
		57826BCF1F294DD600FB0414 /* SectionedNodeType+BatchUpdate.swift in Sources */ = {isa = PBXBuildFile; fileRef = 57A64FFD1F1BF28D005C7A79 /* SectionedNodeType+BatchUpdate.swift */; };
		57826BD01F294DD600FB0414 /* Array+Extensions.swift in Sources */ = {isa = PBXBuildFile; fileRef = 57E563561F290FCD002E825B /* Array+Extensions.swift */; };
		57826BD11F294E4F00FB0414 /* RxASTableReloadDataSource.swift in Sources */ = {isa = PBXBuildFile; fileRef = 57826BA11F29485500FB0414 /* RxASTableReloadDataSource.swift */; };
		57A650101F1BF28D005C7A79 /* SectionedNodeType+BatchUpdate.swift in Sources */ = {isa = PBXBuildFile; fileRef = 57A64FFD1F1BF28D005C7A79 /* SectionedNodeType+BatchUpdate.swift */; };
		57DE26A41F1C5B5600EC4CF6 /* RxASDataSources.h in Headers */ = {isa = PBXBuildFile; fileRef = 57A650211F1BF309005C7A79 /* RxASDataSources.h */; settings = {ATTRIBUTES = (Public, ); }; };
		57E5632C1F290656002E825B /* RxHelpers.swift in Sources */ = {isa = PBXBuildFile; fileRef = 57E5632B1F290656002E825B /* RxHelpers.swift */; };
		57E5632E1F29066F002E825B /* ASDelegateProxy.swift in Sources */ = {isa = PBXBuildFile; fileRef = 57E5632D1F29066F002E825B /* ASDelegateProxy.swift */; };
		57E563481F290718002E825B /* ASTableSectionedDataSource.swift in Sources */ = {isa = PBXBuildFile; fileRef = 57E563411F290718002E825B /* ASTableSectionedDataSource.swift */; };
		57E563491F290718002E825B /* RxASTableAnimatedDataSource.swift in Sources */ = {isa = PBXBuildFile; fileRef = 57E563421F290718002E825B /* RxASTableAnimatedDataSource.swift */; };
		57E5634B1F290718002E825B /* RxASTableDataSourceType.swift in Sources */ = {isa = PBXBuildFile; fileRef = 57E563441F290718002E825B /* RxASTableDataSourceType.swift */; };
		57E563511F2907B3002E825B /* RxASCollectionDataSourceType.swift in Sources */ = {isa = PBXBuildFile; fileRef = 57E563501F2907B3002E825B /* RxASCollectionDataSourceType.swift */; };
		57E563551F290B8D002E825B /* ASCollectionSectionedDataSource.swift in Sources */ = {isa = PBXBuildFile; fileRef = 57E563541F290B8D002E825B /* ASCollectionSectionedDataSource.swift */; };
		57E563571F290FCD002E825B /* Array+Extensions.swift in Sources */ = {isa = PBXBuildFile; fileRef = 57E563561F290FCD002E825B /* Array+Extensions.swift */; };
		57E563621F291597002E825B /* RxASCollectionDataSourceProxy.swift in Sources */ = {isa = PBXBuildFile; fileRef = 57E5635E1F291597002E825B /* RxASCollectionDataSourceProxy.swift */; };
		57E563631F291597002E825B /* RxASCollectionDelegateProxy.swift in Sources */ = {isa = PBXBuildFile; fileRef = 57E5635F1F291597002E825B /* RxASCollectionDelegateProxy.swift */; };
		57E563641F291597002E825B /* RxASTableDataSourceProxy.swift in Sources */ = {isa = PBXBuildFile; fileRef = 57E563601F291597002E825B /* RxASTableDataSourceProxy.swift */; };
		57E563651F291597002E825B /* RxASTableDelegateProxy.swift in Sources */ = {isa = PBXBuildFile; fileRef = 57E563611F291597002E825B /* RxASTableDelegateProxy.swift */; };
		57E563671F29176A002E825B /* RxASCollectionAnimatedDataSource.swift in Sources */ = {isa = PBXBuildFile; fileRef = 57E563661F29176A002E825B /* RxASCollectionAnimatedDataSource.swift */; };
		57E5636A1F291A81002E825B /* ASCollectionNode+SectionViewType.swift in Sources */ = {isa = PBXBuildFile; fileRef = 57E563691F291A81002E825B /* ASCollectionNode+SectionViewType.swift */; };
		57E5636C1F291ACC002E825B /* ASTableNode+SectionedViewType.swift in Sources */ = {isa = PBXBuildFile; fileRef = 57E5636B1F291ACC002E825B /* ASTableNode+SectionedViewType.swift */; };
		ACB28E05200527CB0076CAC5 /* AnimationTransition.swift in Sources */ = {isa = PBXBuildFile; fileRef = ACB28E03200524DB0076CAC5 /* AnimationTransition.swift */; };
		ACB28E0720052A2C0076CAC5 /* ASCollectionNode+Rx.swift in Sources */ = {isa = PBXBuildFile; fileRef = ACB28E0620052A2C0076CAC5 /* ASCollectionNode+Rx.swift */; };
		ACB28E0820052B520076CAC5 /* ASCollectionNode+Rx.swift in Sources */ = {isa = PBXBuildFile; fileRef = ACB28E0620052A2C0076CAC5 /* ASCollectionNode+Rx.swift */; };
		ACB28E0920052B570076CAC5 /* AnimationTransition.swift in Sources */ = {isa = PBXBuildFile; fileRef = ACB28E03200524DB0076CAC5 /* AnimationTransition.swift */; };
/* End PBXBuildFile section */

/* Begin PBXCopyFilesBuildPhase section */
		4590B3B22819323E0069E66F /* Embed Frameworks */ = {
			isa = PBXCopyFilesBuildPhase;
			buildActionMask = 2147483647;
			dstPath = "";
			dstSubfolderSpec = 10;
			files = (
				4590B3A32819323D0069E66F /* PINCache.xcframework in Embed Frameworks */,
				4590B3AB2819323D0069E66F /* Differentiator.xcframework in Embed Frameworks */,
				4590B3A72819323D0069E66F /* RxRelay.xcframework in Embed Frameworks */,
				4590B3A92819323D0069E66F /* RxCocoa.xcframework in Embed Frameworks */,
				4590B3B12819323E0069E66F /* AsyncDisplayKit.xcframework in Embed Frameworks */,
				4590B3AD2819323D0069E66F /* RxSwift.xcframework in Embed Frameworks */,
				4590B3A12819323D0069E66F /* PINRemoteImage.xcframework in Embed Frameworks */,
				4590B3A52819323D0069E66F /* RxDataSources.xcframework in Embed Frameworks */,
				4590B3AF2819323D0069E66F /* PINOperation.xcframework in Embed Frameworks */,
			);
			name = "Embed Frameworks";
			runOnlyForDeploymentPostprocessing = 0;
		};
		4590B3C5281932600069E66F /* Embed Frameworks */ = {
			isa = PBXCopyFilesBuildPhase;
			buildActionMask = 2147483647;
			dstPath = "";
			dstSubfolderSpec = 10;
			files = (
				4590B3C4281932600069E66F /* RxSwift.xcframework in Embed Frameworks */,
				4590B3B4281932600069E66F /* AsyncDisplayKit.xcframework in Embed Frameworks */,
				4590B3B6281932600069E66F /* Differentiator.xcframework in Embed Frameworks */,
				4590B3BE281932600069E66F /* RxCocoa.xcframework in Embed Frameworks */,
			);
			name = "Embed Frameworks";
			runOnlyForDeploymentPostprocessing = 0;
		};
/* End PBXCopyFilesBuildPhase section */

/* Begin PBXFileReference section */
		0A1B82C42316323E00BB58F6 /* RxRelay.framework */ = {isa = PBXFileReference; lastKnownFileType = wrapper.framework; name = RxRelay.framework; path = Carthage/Build/iOS/RxRelay.framework; sourceTree = "<group>"; };
		0A1B82C52316323E00BB58F6 /* RxAtomic.framework */ = {isa = PBXFileReference; lastKnownFileType = wrapper.framework; name = RxAtomic.framework; path = Carthage/Build/iOS/RxAtomic.framework; sourceTree = "<group>"; };
		3549BB211DA389CD00C63030 /* RxASDataSources.framework */ = {isa = PBXFileReference; explicitFileType = wrapper.framework; includeInIndex = 0; path = RxASDataSources.framework; sourceTree = BUILT_PRODUCTS_DIR; };
		3549BB581DA38A8800C63030 /* Info.plist */ = {isa = PBXFileReference; fileEncoding = 4; lastKnownFileType = text.plist.xml; path = Info.plist; sourceTree = "<group>"; };
		3549BB8A1DA38C0A00C63030 /* RxTextureDataSourcesSpec.swift */ = {isa = PBXFileReference; fileEncoding = 4; lastKnownFileType = sourcecode.swift; path = RxTextureDataSourcesSpec.swift; sourceTree = "<group>"; };
		4590B3972819323D0069E66F /* PINRemoteImage.xcframework */ = {isa = PBXFileReference; lastKnownFileType = wrapper.xcframework; name = PINRemoteImage.xcframework; path = Carthage/Build/PINRemoteImage.xcframework; sourceTree = "<group>"; };
		4590B3982819323D0069E66F /* PINCache.xcframework */ = {isa = PBXFileReference; lastKnownFileType = wrapper.xcframework; name = PINCache.xcframework; path = Carthage/Build/PINCache.xcframework; sourceTree = "<group>"; };
		4590B3992819323D0069E66F /* RxDataSources.xcframework */ = {isa = PBXFileReference; lastKnownFileType = wrapper.xcframework; name = RxDataSources.xcframework; path = Carthage/Build/RxDataSources.xcframework; sourceTree = "<group>"; };
		4590B39A2819323D0069E66F /* RxRelay.xcframework */ = {isa = PBXFileReference; lastKnownFileType = wrapper.xcframework; name = RxRelay.xcframework; path = Carthage/Build/RxRelay.xcframework; sourceTree = "<group>"; };
		4590B39B2819323D0069E66F /* RxCocoa.xcframework */ = {isa = PBXFileReference; lastKnownFileType = wrapper.xcframework; name = RxCocoa.xcframework; path = Carthage/Build/RxCocoa.xcframework; sourceTree = "<group>"; };
		4590B39C2819323D0069E66F /* Differentiator.xcframework */ = {isa = PBXFileReference; lastKnownFileType = wrapper.xcframework; name = Differentiator.xcframework; path = Carthage/Build/Differentiator.xcframework; sourceTree = "<group>"; };
		4590B39D2819323D0069E66F /* RxSwift.xcframework */ = {isa = PBXFileReference; lastKnownFileType = wrapper.xcframework; name = RxSwift.xcframework; path = Carthage/Build/RxSwift.xcframework; sourceTree = "<group>"; };
		4590B39E2819323D0069E66F /* PINOperation.xcframework */ = {isa = PBXFileReference; lastKnownFileType = wrapper.xcframework; name = PINOperation.xcframework; path = Carthage/Build/PINOperation.xcframework; sourceTree = "<group>"; };
		4590B39F2819323D0069E66F /* AsyncDisplayKit.xcframework */ = {isa = PBXFileReference; lastKnownFileType = wrapper.xcframework; name = AsyncDisplayKit.xcframework; path = Carthage/Build/AsyncDisplayKit.xcframework; sourceTree = "<group>"; };
		57826B9F1F29477000FB0414 /* RxASCollectionReloadDataSource.swift */ = {isa = PBXFileReference; fileEncoding = 4; lastKnownFileType = sourcecode.swift; path = RxASCollectionReloadDataSource.swift; sourceTree = "<group>"; };
		57826BA11F29485500FB0414 /* RxASTableReloadDataSource.swift */ = {isa = PBXFileReference; fileEncoding = 4; lastKnownFileType = sourcecode.swift; path = RxASTableReloadDataSource.swift; sourceTree = "<group>"; };
		57826BA71F29491800FB0414 /* Example.app */ = {isa = PBXFileReference; explicitFileType = wrapper.application; includeInIndex = 0; path = Example.app; sourceTree = BUILT_PRODUCTS_DIR; };
		57826BA91F29491800FB0414 /* AppDelegate.swift */ = {isa = PBXFileReference; lastKnownFileType = sourcecode.swift; path = AppDelegate.swift; sourceTree = "<group>"; };
		57826BAB1F29491800FB0414 /* ViewController.swift */ = {isa = PBXFileReference; lastKnownFileType = sourcecode.swift; path = ViewController.swift; sourceTree = "<group>"; };
		57826BAE1F29491800FB0414 /* Base */ = {isa = PBXFileReference; lastKnownFileType = file.storyboard; name = Base; path = Base.lproj/Main.storyboard; sourceTree = "<group>"; };
		57826BB01F29491800FB0414 /* Assets.xcassets */ = {isa = PBXFileReference; lastKnownFileType = folder.assetcatalog; path = Assets.xcassets; sourceTree = "<group>"; };
		57826BB31F29491800FB0414 /* Base */ = {isa = PBXFileReference; lastKnownFileType = file.storyboard; name = Base; path = Base.lproj/LaunchScreen.storyboard; sourceTree = "<group>"; };
		57826BB51F29491800FB0414 /* Info.plist */ = {isa = PBXFileReference; lastKnownFileType = text.plist.xml; path = Info.plist; sourceTree = "<group>"; };
		57826BB91F2949D900FB0414 /* ASTableNode+Rx.swift */ = {isa = PBXFileReference; fileEncoding = 4; lastKnownFileType = sourcecode.swift; path = "ASTableNode+Rx.swift"; sourceTree = "<group>"; };
		57A64FFD1F1BF28D005C7A79 /* SectionedNodeType+BatchUpdate.swift */ = {isa = PBXFileReference; fileEncoding = 4; lastKnownFileType = sourcecode.swift; path = "SectionedNodeType+BatchUpdate.swift"; sourceTree = "<group>"; };
		57A650201F1BF309005C7A79 /* Info.plist */ = {isa = PBXFileReference; fileEncoding = 4; lastKnownFileType = text.plist.xml; path = Info.plist; sourceTree = "<group>"; };
		57A650211F1BF309005C7A79 /* RxASDataSources.h */ = {isa = PBXFileReference; fileEncoding = 4; lastKnownFileType = sourcecode.c.h; path = RxASDataSources.h; sourceTree = "<group>"; };
		57E5632B1F290656002E825B /* RxHelpers.swift */ = {isa = PBXFileReference; fileEncoding = 4; lastKnownFileType = sourcecode.swift; path = RxHelpers.swift; sourceTree = "<group>"; };
		57E5632D1F29066F002E825B /* ASDelegateProxy.swift */ = {isa = PBXFileReference; fileEncoding = 4; lastKnownFileType = sourcecode.swift; path = ASDelegateProxy.swift; sourceTree = "<group>"; };
		57E563411F290718002E825B /* ASTableSectionedDataSource.swift */ = {isa = PBXFileReference; fileEncoding = 4; lastKnownFileType = sourcecode.swift; path = ASTableSectionedDataSource.swift; sourceTree = "<group>"; };
		57E563421F290718002E825B /* RxASTableAnimatedDataSource.swift */ = {isa = PBXFileReference; fileEncoding = 4; lastKnownFileType = sourcecode.swift; path = RxASTableAnimatedDataSource.swift; sourceTree = "<group>"; };
		57E563441F290718002E825B /* RxASTableDataSourceType.swift */ = {isa = PBXFileReference; fileEncoding = 4; lastKnownFileType = sourcecode.swift; path = RxASTableDataSourceType.swift; sourceTree = "<group>"; };
		57E563501F2907B3002E825B /* RxASCollectionDataSourceType.swift */ = {isa = PBXFileReference; fileEncoding = 4; lastKnownFileType = sourcecode.swift; path = RxASCollectionDataSourceType.swift; sourceTree = "<group>"; };
		57E563541F290B8D002E825B /* ASCollectionSectionedDataSource.swift */ = {isa = PBXFileReference; fileEncoding = 4; lastKnownFileType = sourcecode.swift; path = ASCollectionSectionedDataSource.swift; sourceTree = "<group>"; };
		57E563561F290FCD002E825B /* Array+Extensions.swift */ = {isa = PBXFileReference; fileEncoding = 4; lastKnownFileType = sourcecode.swift; path = "Array+Extensions.swift"; sourceTree = "<group>"; };
		57E5635E1F291597002E825B /* RxASCollectionDataSourceProxy.swift */ = {isa = PBXFileReference; fileEncoding = 4; lastKnownFileType = sourcecode.swift; path = RxASCollectionDataSourceProxy.swift; sourceTree = "<group>"; };
		57E5635F1F291597002E825B /* RxASCollectionDelegateProxy.swift */ = {isa = PBXFileReference; fileEncoding = 4; lastKnownFileType = sourcecode.swift; path = RxASCollectionDelegateProxy.swift; sourceTree = "<group>"; };
		57E563601F291597002E825B /* RxASTableDataSourceProxy.swift */ = {isa = PBXFileReference; fileEncoding = 4; lastKnownFileType = sourcecode.swift; path = RxASTableDataSourceProxy.swift; sourceTree = "<group>"; };
		57E563611F291597002E825B /* RxASTableDelegateProxy.swift */ = {isa = PBXFileReference; fileEncoding = 4; lastKnownFileType = sourcecode.swift; path = RxASTableDelegateProxy.swift; sourceTree = "<group>"; };
		57E563661F29176A002E825B /* RxASCollectionAnimatedDataSource.swift */ = {isa = PBXFileReference; fileEncoding = 4; lastKnownFileType = sourcecode.swift; path = RxASCollectionAnimatedDataSource.swift; sourceTree = "<group>"; };
		57E563691F291A81002E825B /* ASCollectionNode+SectionViewType.swift */ = {isa = PBXFileReference; fileEncoding = 4; lastKnownFileType = sourcecode.swift; path = "ASCollectionNode+SectionViewType.swift"; sourceTree = "<group>"; };
		57E5636B1F291ACC002E825B /* ASTableNode+SectionedViewType.swift */ = {isa = PBXFileReference; fileEncoding = 4; lastKnownFileType = sourcecode.swift; path = "ASTableNode+SectionedViewType.swift"; sourceTree = "<group>"; };
		ACB28E03200524DB0076CAC5 /* AnimationTransition.swift */ = {isa = PBXFileReference; lastKnownFileType = sourcecode.swift; path = AnimationTransition.swift; sourceTree = "<group>"; };
		ACB28E0620052A2C0076CAC5 /* ASCollectionNode+Rx.swift */ = {isa = PBXFileReference; fileEncoding = 4; lastKnownFileType = sourcecode.swift; path = "ASCollectionNode+Rx.swift"; sourceTree = "<group>"; };
		C56970132073206100B6D286 /* Differentiator.framework */ = {isa = PBXFileReference; lastKnownFileType = wrapper.framework; name = Differentiator.framework; path = Carthage/Build/iOS/Differentiator.framework; sourceTree = "<group>"; };
		C56970142073206100B6D286 /* PINCache.framework */ = {isa = PBXFileReference; lastKnownFileType = wrapper.framework; name = PINCache.framework; path = Carthage/Build/iOS/PINCache.framework; sourceTree = "<group>"; };
		C56970152073206100B6D286 /* PINOperation.framework */ = {isa = PBXFileReference; lastKnownFileType = wrapper.framework; name = PINOperation.framework; path = Carthage/Build/iOS/PINOperation.framework; sourceTree = "<group>"; };
		C56970162073206100B6D286 /* AsyncDisplayKit.framework */ = {isa = PBXFileReference; lastKnownFileType = wrapper.framework; name = AsyncDisplayKit.framework; path = Carthage/Build/iOS/AsyncDisplayKit.framework; sourceTree = "<group>"; };
		C56970172073206100B6D286 /* RxCocoa.framework */ = {isa = PBXFileReference; lastKnownFileType = wrapper.framework; name = RxCocoa.framework; path = Carthage/Build/iOS/RxCocoa.framework; sourceTree = "<group>"; };
		C56970182073206100B6D286 /* RxDataSources.framework */ = {isa = PBXFileReference; lastKnownFileType = wrapper.framework; name = RxDataSources.framework; path = Carthage/Build/iOS/RxDataSources.framework; sourceTree = "<group>"; };
		C56970192073206200B6D286 /* RxSwift.framework */ = {isa = PBXFileReference; lastKnownFileType = wrapper.framework; name = RxSwift.framework; path = Carthage/Build/iOS/RxSwift.framework; sourceTree = "<group>"; };
		C569701A2073206200B6D286 /* RxBlocking.framework */ = {isa = PBXFileReference; lastKnownFileType = wrapper.framework; name = RxBlocking.framework; path = Carthage/Build/iOS/RxBlocking.framework; sourceTree = "<group>"; };
		C569701B2073206200B6D286 /* PINRemoteImage.framework */ = {isa = PBXFileReference; lastKnownFileType = wrapper.framework; name = PINRemoteImage.framework; path = Carthage/Build/iOS/PINRemoteImage.framework; sourceTree = "<group>"; };
/* End PBXFileReference section */

/* Begin PBXFrameworksBuildPhase section */
		3549BB1D1DA389CD00C63030 /* Frameworks */ = {
			isa = PBXFrameworksBuildPhase;
			buildActionMask = 2147483647;
			files = (
				4590B3AC2819323D0069E66F /* RxSwift.xcframework in Frameworks */,
				4590B3B02819323E0069E66F /* AsyncDisplayKit.xcframework in Frameworks */,
				4590B3AE2819323D0069E66F /* PINOperation.xcframework in Frameworks */,
				4590B3A82819323D0069E66F /* RxCocoa.xcframework in Frameworks */,
				4590B3A02819323D0069E66F /* PINRemoteImage.xcframework in Frameworks */,
				4590B3A62819323D0069E66F /* RxRelay.xcframework in Frameworks */,
				4590B3AA2819323D0069E66F /* Differentiator.xcframework in Frameworks */,
				4590B3A42819323D0069E66F /* RxDataSources.xcframework in Frameworks */,
				4590B3A22819323D0069E66F /* PINCache.xcframework in Frameworks */,
			);
			runOnlyForDeploymentPostprocessing = 0;
		};
		57826BA41F29491800FB0414 /* Frameworks */ = {
			isa = PBXFrameworksBuildPhase;
			buildActionMask = 2147483647;
			files = (
				4590B3B5281932600069E66F /* Differentiator.xcframework in Frameworks */,
				4590B3C3281932600069E66F /* RxSwift.xcframework in Frameworks */,
				4590B3BD281932600069E66F /* RxCocoa.xcframework in Frameworks */,
				4590B3B3281932600069E66F /* AsyncDisplayKit.xcframework in Frameworks */,
			);
			runOnlyForDeploymentPostprocessing = 0;
		};
/* End PBXFrameworksBuildPhase section */

/* Begin PBXGroup section */
		3549BAFB1DA387DB00C63030 = {
			isa = PBXGroup;
			children = (
				57826BA81F29491800FB0414 /* Example */,
				3549BB161DA3890B00C63030 /* Sources */,
				3549BB191DA3890B00C63030 /* Tests */,
				3549BB061DA387DB00C63030 /* Products */,
				357D954B1DA3F2B400AEC55F /* Frameworks */,
			);
			sourceTree = "<group>";
		};
		3549BB061DA387DB00C63030 /* Products */ = {
			isa = PBXGroup;
			children = (
				3549BB211DA389CD00C63030 /* RxASDataSources.framework */,
				57826BA71F29491800FB0414 /* Example.app */,
			);
			name = Products;
			sourceTree = "<group>";
		};
		3549BB161DA3890B00C63030 /* Sources */ = {
			isa = PBXGroup;
			children = (
				57A6501F1F1BF309005C7A79 /* Supporting Files */,
				57A64FF31F1BF28D005C7A79 /* DataSources */,
			);
			path = Sources;
			sourceTree = "<group>";
		};
		3549BB191DA3890B00C63030 /* Tests */ = {
			isa = PBXGroup;
			children = (
				3549BB8A1DA38C0A00C63030 /* RxTextureDataSourcesSpec.swift */,
				3549BB5B1DA38A8C00C63030 /* Supporting Files */,
			);
			path = Tests;
			sourceTree = "<group>";
		};
		3549BB5B1DA38A8C00C63030 /* Supporting Files */ = {
			isa = PBXGroup;
			children = (
				3549BB581DA38A8800C63030 /* Info.plist */,
			);
			name = "Supporting Files";
			sourceTree = "<group>";
		};
		357D954B1DA3F2B400AEC55F /* Frameworks */ = {
			isa = PBXGroup;
			children = (
				4590B39F2819323D0069E66F /* AsyncDisplayKit.xcframework */,
				4590B39C2819323D0069E66F /* Differentiator.xcframework */,
				4590B3982819323D0069E66F /* PINCache.xcframework */,
				4590B39E2819323D0069E66F /* PINOperation.xcframework */,
				4590B3972819323D0069E66F /* PINRemoteImage.xcframework */,
				4590B39B2819323D0069E66F /* RxCocoa.xcframework */,
				4590B3992819323D0069E66F /* RxDataSources.xcframework */,
				4590B39A2819323D0069E66F /* RxRelay.xcframework */,
				4590B39D2819323D0069E66F /* RxSwift.xcframework */,
				0A1B82C52316323E00BB58F6 /* RxAtomic.framework */,
				0A1B82C42316323E00BB58F6 /* RxRelay.framework */,
				C56970162073206100B6D286 /* AsyncDisplayKit.framework */,
				C56970132073206100B6D286 /* Differentiator.framework */,
				C56970142073206100B6D286 /* PINCache.framework */,
				C56970152073206100B6D286 /* PINOperation.framework */,
				C569701B2073206200B6D286 /* PINRemoteImage.framework */,
				C569701A2073206200B6D286 /* RxBlocking.framework */,
				C56970172073206100B6D286 /* RxCocoa.framework */,
				C56970182073206100B6D286 /* RxDataSources.framework */,
				C56970192073206200B6D286 /* RxSwift.framework */,
			);
			name = Frameworks;
			sourceTree = "<group>";
		};
		57826BA81F29491800FB0414 /* Example */ = {
			isa = PBXGroup;
			children = (
				57826BA91F29491800FB0414 /* AppDelegate.swift */,
				57826BAB1F29491800FB0414 /* ViewController.swift */,
				57826BAD1F29491800FB0414 /* Main.storyboard */,
				57826BB01F29491800FB0414 /* Assets.xcassets */,
				57826BB21F29491800FB0414 /* LaunchScreen.storyboard */,
				57826BB51F29491800FB0414 /* Info.plist */,
			);
			path = Example;
			sourceTree = "<group>";
		};
		57A64FF31F1BF28D005C7A79 /* DataSources */ = {
			isa = PBXGroup;
			children = (
				57E5635D1F291597002E825B /* RxProxies */,
				57E5632A1F290649002E825B /* RxHelper */,
				57E5633E1F290718002E825B /* ASCollectionNode+Rx */,
				57E5633F1F290718002E825B /* ASTableNode+Rx */,
				57A64FFD1F1BF28D005C7A79 /* SectionedNodeType+BatchUpdate.swift */,
				57E563561F290FCD002E825B /* Array+Extensions.swift */,
				ACB28E03200524DB0076CAC5 /* AnimationTransition.swift */,
			);
			path = DataSources;
			sourceTree = "<group>";
		};
		57A6501F1F1BF309005C7A79 /* Supporting Files */ = {
			isa = PBXGroup;
			children = (
				57A650201F1BF309005C7A79 /* Info.plist */,
				57A650211F1BF309005C7A79 /* RxASDataSources.h */,
			);
			path = "Supporting Files";
			sourceTree = "<group>";
		};
		57E5632A1F290649002E825B /* RxHelper */ = {
			isa = PBXGroup;
			children = (
				57E5632B1F290656002E825B /* RxHelpers.swift */,
				57E5632D1F29066F002E825B /* ASDelegateProxy.swift */,
			);
			path = RxHelper;
			sourceTree = "<group>";
		};
		57E5633E1F290718002E825B /* ASCollectionNode+Rx */ = {
			isa = PBXGroup;
			children = (
				ACB28E0620052A2C0076CAC5 /* ASCollectionNode+Rx.swift */,
				57E563691F291A81002E825B /* ASCollectionNode+SectionViewType.swift */,
				57E563541F290B8D002E825B /* ASCollectionSectionedDataSource.swift */,
				57E563501F2907B3002E825B /* RxASCollectionDataSourceType.swift */,
				57E563661F29176A002E825B /* RxASCollectionAnimatedDataSource.swift */,
				57826B9F1F29477000FB0414 /* RxASCollectionReloadDataSource.swift */,
			);
			path = "ASCollectionNode+Rx";
			sourceTree = "<group>";
		};
		57E5633F1F290718002E825B /* ASTableNode+Rx */ = {
			isa = PBXGroup;
			children = (
				57826BB91F2949D900FB0414 /* ASTableNode+Rx.swift */,
				57E5636B1F291ACC002E825B /* ASTableNode+SectionedViewType.swift */,
				57E563411F290718002E825B /* ASTableSectionedDataSource.swift */,
				57E563441F290718002E825B /* RxASTableDataSourceType.swift */,
				57E563421F290718002E825B /* RxASTableAnimatedDataSource.swift */,
				57826BA11F29485500FB0414 /* RxASTableReloadDataSource.swift */,
			);
			path = "ASTableNode+Rx";
			sourceTree = "<group>";
		};
		57E5635D1F291597002E825B /* RxProxies */ = {
			isa = PBXGroup;
			children = (
				57E5635E1F291597002E825B /* RxASCollectionDataSourceProxy.swift */,
				57E5635F1F291597002E825B /* RxASCollectionDelegateProxy.swift */,
				57E563601F291597002E825B /* RxASTableDataSourceProxy.swift */,
				57E563611F291597002E825B /* RxASTableDelegateProxy.swift */,
			);
			path = RxProxies;
			sourceTree = "<group>";
		};
/* End PBXGroup section */

/* Begin PBXHeadersBuildPhase section */
		3549BB1E1DA389CD00C63030 /* Headers */ = {
			isa = PBXHeadersBuildPhase;
			buildActionMask = 2147483647;
			files = (
				57DE26A41F1C5B5600EC4CF6 /* RxASDataSources.h in Headers */,
			);
			runOnlyForDeploymentPostprocessing = 0;
		};
/* End PBXHeadersBuildPhase section */

/* Begin PBXNativeTarget section */
		3549BB201DA389CD00C63030 /* RxASDataSources */ = {
			isa = PBXNativeTarget;
			buildConfigurationList = 3549BB261DA389CD00C63030 /* Build configuration list for PBXNativeTarget "RxASDataSources" */;
			buildPhases = (
				3549BB1C1DA389CD00C63030 /* Sources */,
				3549BB1D1DA389CD00C63030 /* Frameworks */,
				3549BB1E1DA389CD00C63030 /* Headers */,
				3549BB1F1DA389CD00C63030 /* Resources */,
				4590B3B22819323E0069E66F /* Embed Frameworks */,
			);
			buildRules = (
			);
			dependencies = (
			);
			name = RxASDataSources;
			productName = "RxTextureDataSources-iOS";
			productReference = 3549BB211DA389CD00C63030 /* RxASDataSources.framework */;
			productType = "com.apple.product-type.framework";
		};
		57826BA61F29491800FB0414 /* Example */ = {
			isa = PBXNativeTarget;
			buildConfigurationList = 57826BB61F29491800FB0414 /* Build configuration list for PBXNativeTarget "Example" */;
			buildPhases = (
				57826BA31F29491800FB0414 /* Sources */,
				57826BA41F29491800FB0414 /* Frameworks */,
				57826BA51F29491800FB0414 /* Resources */,
				4590B3C5281932600069E66F /* Embed Frameworks */,
			);
			buildRules = (
			);
			dependencies = (
			);
			name = Example;
			productName = Example;
			productReference = 57826BA71F29491800FB0414 /* Example.app */;
			productType = "com.apple.product-type.application";
		};
/* End PBXNativeTarget section */

/* Begin PBXProject section */
		3549BAFC1DA387DB00C63030 /* Project object */ = {
			isa = PBXProject;
			attributes = {
				LastSwiftUpdateCheck = 0830;
				LastUpgradeCheck = 1020;
				ORGANIZATIONNAME = RxSwiftCommunity;
				TargetAttributes = {
					3549BB201DA389CD00C63030 = {
						CreatedOnToolsVersion = 8.0;
						LastSwiftMigration = 1020;
						ProvisioningStyle = Automatic;
					};
					57826BA61F29491800FB0414 = {
						CreatedOnToolsVersion = 8.3.2;
						LastSwiftMigration = 1020;
						ProvisioningStyle = Automatic;
					};
				};
			};
			buildConfigurationList = 3549BAFF1DA387DB00C63030 /* Build configuration list for PBXProject "RxASDataSources" */;
			compatibilityVersion = "Xcode 8.0";
			developmentRegion = en;
			hasScannedForEncodings = 0;
			knownRegions = (
				en,
				Base,
			);
			mainGroup = 3549BAFB1DA387DB00C63030;
			productRefGroup = 3549BB061DA387DB00C63030 /* Products */;
			projectDirPath = "";
			projectRoot = "";
			targets = (
				3549BB201DA389CD00C63030 /* RxASDataSources */,
				57826BA61F29491800FB0414 /* Example */,
			);
		};
/* End PBXProject section */

/* Begin PBXResourcesBuildPhase section */
		3549BB1F1DA389CD00C63030 /* Resources */ = {
			isa = PBXResourcesBuildPhase;
			buildActionMask = 2147483647;
			files = (
			);
			runOnlyForDeploymentPostprocessing = 0;
		};
		57826BA51F29491800FB0414 /* Resources */ = {
			isa = PBXResourcesBuildPhase;
			buildActionMask = 2147483647;
			files = (
				57826BB41F29491800FB0414 /* LaunchScreen.storyboard in Resources */,
				57826BB11F29491800FB0414 /* Assets.xcassets in Resources */,
				57826BAF1F29491800FB0414 /* Main.storyboard in Resources */,
			);
			runOnlyForDeploymentPostprocessing = 0;
		};
/* End PBXResourcesBuildPhase section */

/* Begin PBXSourcesBuildPhase section */
		3549BB1C1DA389CD00C63030 /* Sources */ = {
			isa = PBXSourcesBuildPhase;
			buildActionMask = 2147483647;
			files = (
				57E563511F2907B3002E825B /* RxASCollectionDataSourceType.swift in Sources */,
				57E563571F290FCD002E825B /* Array+Extensions.swift in Sources */,
				57E563491F290718002E825B /* RxASTableAnimatedDataSource.swift in Sources */,
				57E563481F290718002E825B /* ASTableSectionedDataSource.swift in Sources */,
				57E5636A1F291A81002E825B /* ASCollectionNode+SectionViewType.swift in Sources */,
				57826BA21F29485500FB0414 /* RxASTableReloadDataSource.swift in Sources */,
				57E563651F291597002E825B /* RxASTableDelegateProxy.swift in Sources */,
				57A650101F1BF28D005C7A79 /* SectionedNodeType+BatchUpdate.swift in Sources */,
				57E5634B1F290718002E825B /* RxASTableDataSourceType.swift in Sources */,
				ACB28E0720052A2C0076CAC5 /* ASCollectionNode+Rx.swift in Sources */,
				57E5632C1F290656002E825B /* RxHelpers.swift in Sources */,
				57826BBA1F2949D900FB0414 /* ASTableNode+Rx.swift in Sources */,
				ACB28E05200527CB0076CAC5 /* AnimationTransition.swift in Sources */,
				57E563671F29176A002E825B /* RxASCollectionAnimatedDataSource.swift in Sources */,
				57826BA01F29477000FB0414 /* RxASCollectionReloadDataSource.swift in Sources */,
				57E5632E1F29066F002E825B /* ASDelegateProxy.swift in Sources */,
				57E5636C1F291ACC002E825B /* ASTableNode+SectionedViewType.swift in Sources */,
				57E563641F291597002E825B /* RxASTableDataSourceProxy.swift in Sources */,
				57E563631F291597002E825B /* RxASCollectionDelegateProxy.swift in Sources */,
				57E563551F290B8D002E825B /* ASCollectionSectionedDataSource.swift in Sources */,
				57E563621F291597002E825B /* RxASCollectionDataSourceProxy.swift in Sources */,
			);
			runOnlyForDeploymentPostprocessing = 0;
		};
		57826BA31F29491800FB0414 /* Sources */ = {
			isa = PBXSourcesBuildPhase;
			buildActionMask = 2147483647;
			files = (
				57826BC91F294DD600FB0414 /* ASTableNode+Rx.swift in Sources */,
				ACB28E0820052B520076CAC5 /* ASCollectionNode+Rx.swift in Sources */,
				57826BCB1F294DD600FB0414 /* ASTableSectionedDataSource.swift in Sources */,
				57826BD01F294DD600FB0414 /* Array+Extensions.swift in Sources */,
				57826BC61F294DD200FB0414 /* RxASCollectionDataSourceType.swift in Sources */,
				57826BC81F294DD200FB0414 /* RxASCollectionReloadDataSource.swift in Sources */,
				57826BC71F294DD200FB0414 /* RxASCollectionAnimatedDataSource.swift in Sources */,
				57826BAC1F29491800FB0414 /* ViewController.swift in Sources */,
				57826BCA1F294DD600FB0414 /* ASTableNode+SectionedViewType.swift in Sources */,
				57826BC21F294DCF00FB0414 /* ASDelegateProxy.swift in Sources */,
				57826BC11F294DCF00FB0414 /* RxHelpers.swift in Sources */,
				57826BCF1F294DD600FB0414 /* SectionedNodeType+BatchUpdate.swift in Sources */,
				57826BD11F294E4F00FB0414 /* RxASTableReloadDataSource.swift in Sources */,
				57826BCD1F294DD600FB0414 /* RxASTableAnimatedDataSource.swift in Sources */,
				ACB28E0920052B570076CAC5 /* AnimationTransition.swift in Sources */,
				57826BBE1F294DC800FB0414 /* RxASCollectionDelegateProxy.swift in Sources */,
				57826BBF1F294DC800FB0414 /* RxASTableDataSourceProxy.swift in Sources */,
				57826BAA1F29491800FB0414 /* AppDelegate.swift in Sources */,
				57826BCC1F294DD600FB0414 /* RxASTableDataSourceType.swift in Sources */,
				57826BC51F294DD200FB0414 /* ASCollectionSectionedDataSource.swift in Sources */,
				57826BC01F294DC800FB0414 /* RxASTableDelegateProxy.swift in Sources */,
				57826BC41F294DD200FB0414 /* ASCollectionNode+SectionViewType.swift in Sources */,
				57826BBD1F294DC800FB0414 /* RxASCollectionDataSourceProxy.swift in Sources */,
			);
			runOnlyForDeploymentPostprocessing = 0;
		};
/* End PBXSourcesBuildPhase section */

/* Begin PBXVariantGroup section */
		57826BAD1F29491800FB0414 /* Main.storyboard */ = {
			isa = PBXVariantGroup;
			children = (
				57826BAE1F29491800FB0414 /* Base */,
			);
			name = Main.storyboard;
			sourceTree = "<group>";
		};
		57826BB21F29491800FB0414 /* LaunchScreen.storyboard */ = {
			isa = PBXVariantGroup;
			children = (
				57826BB31F29491800FB0414 /* Base */,
			);
			name = LaunchScreen.storyboard;
			sourceTree = "<group>";
		};
/* End PBXVariantGroup section */

/* Begin XCBuildConfiguration section */
		3549BB0B1DA387DB00C63030 /* Debug */ = {
			isa = XCBuildConfiguration;
			buildSettings = {
				ALWAYS_SEARCH_USER_PATHS = NO;
				CLANG_ANALYZER_LOCALIZABILITY_NONLOCALIZED = YES;
				CLANG_ANALYZER_NONNULL = YES;
				CLANG_CXX_LANGUAGE_STANDARD = "gnu++0x";
				CLANG_CXX_LIBRARY = "libc++";
				CLANG_ENABLE_MODULES = YES;
				CLANG_ENABLE_OBJC_ARC = YES;
				CLANG_WARN_BLOCK_CAPTURE_AUTORELEASING = YES;
				CLANG_WARN_BOOL_CONVERSION = YES;
				CLANG_WARN_COMMA = YES;
				CLANG_WARN_CONSTANT_CONVERSION = YES;
				CLANG_WARN_DEPRECATED_OBJC_IMPLEMENTATIONS = YES;
				CLANG_WARN_DIRECT_OBJC_ISA_USAGE = YES_ERROR;
				CLANG_WARN_DOCUMENTATION_COMMENTS = YES;
				CLANG_WARN_EMPTY_BODY = YES;
				CLANG_WARN_ENUM_CONVERSION = YES;
				CLANG_WARN_INFINITE_RECURSION = YES;
				CLANG_WARN_INT_CONVERSION = YES;
				CLANG_WARN_NON_LITERAL_NULL_CONVERSION = YES;
				CLANG_WARN_OBJC_IMPLICIT_RETAIN_SELF = YES;
				CLANG_WARN_OBJC_LITERAL_CONVERSION = YES;
				CLANG_WARN_OBJC_ROOT_CLASS = YES_ERROR;
				CLANG_WARN_RANGE_LOOP_ANALYSIS = YES;
				CLANG_WARN_STRICT_PROTOTYPES = YES;
				CLANG_WARN_SUSPICIOUS_MOVE = YES;
				CLANG_WARN_SUSPICIOUS_MOVES = YES;
				CLANG_WARN_UNREACHABLE_CODE = YES;
				CLANG_WARN__DUPLICATE_METHOD_MATCH = YES;
				"CODE_SIGN_IDENTITY[sdk=iphoneos*]" = "iPhone Developer";
				COPY_PHASE_STRIP = NO;
				CURRENT_PROJECT_VERSION = 1;
				DEBUG_INFORMATION_FORMAT = dwarf;
				ENABLE_STRICT_OBJC_MSGSEND = YES;
				ENABLE_TESTABILITY = YES;
				GCC_C_LANGUAGE_STANDARD = gnu99;
				GCC_DYNAMIC_NO_PIC = NO;
				GCC_NO_COMMON_BLOCKS = YES;
				GCC_OPTIMIZATION_LEVEL = 0;
				GCC_PREPROCESSOR_DEFINITIONS = (
					"DEBUG=1",
					"$(inherited)",
				);
				GCC_WARN_64_TO_32_BIT_CONVERSION = YES;
				GCC_WARN_ABOUT_RETURN_TYPE = YES_ERROR;
				GCC_WARN_UNDECLARED_SELECTOR = YES;
				GCC_WARN_UNINITIALIZED_AUTOS = YES_AGGRESSIVE;
				GCC_WARN_UNUSED_FUNCTION = YES;
				GCC_WARN_UNUSED_VARIABLE = YES;
				IPHONEOS_DEPLOYMENT_TARGET = 8.0;
				MTL_ENABLE_DEBUG_INFO = YES;
				ONLY_ACTIVE_ARCH = YES;
				SDKROOT = iphoneos;
				SWIFT_ACTIVE_COMPILATION_CONDITIONS = DEBUG;
				SWIFT_OPTIMIZATION_LEVEL = "-Onone";
				SWIFT_VERSION = 4.0;
				TARGETED_DEVICE_FAMILY = "1,2";
				VERSIONING_SYSTEM = "apple-generic";
				VERSION_INFO_PREFIX = "";
			};
			name = Debug;
		};
		3549BB0C1DA387DB00C63030 /* Release */ = {
			isa = XCBuildConfiguration;
			buildSettings = {
				ALWAYS_SEARCH_USER_PATHS = NO;
				CLANG_ANALYZER_LOCALIZABILITY_NONLOCALIZED = YES;
				CLANG_ANALYZER_NONNULL = YES;
				CLANG_CXX_LANGUAGE_STANDARD = "gnu++0x";
				CLANG_CXX_LIBRARY = "libc++";
				CLANG_ENABLE_MODULES = YES;
				CLANG_ENABLE_OBJC_ARC = YES;
				CLANG_WARN_BLOCK_CAPTURE_AUTORELEASING = YES;
				CLANG_WARN_BOOL_CONVERSION = YES;
				CLANG_WARN_COMMA = YES;
				CLANG_WARN_CONSTANT_CONVERSION = YES;
				CLANG_WARN_DEPRECATED_OBJC_IMPLEMENTATIONS = YES;
				CLANG_WARN_DIRECT_OBJC_ISA_USAGE = YES_ERROR;
				CLANG_WARN_DOCUMENTATION_COMMENTS = YES;
				CLANG_WARN_EMPTY_BODY = YES;
				CLANG_WARN_ENUM_CONVERSION = YES;
				CLANG_WARN_INFINITE_RECURSION = YES;
				CLANG_WARN_INT_CONVERSION = YES;
				CLANG_WARN_NON_LITERAL_NULL_CONVERSION = YES;
				CLANG_WARN_OBJC_IMPLICIT_RETAIN_SELF = YES;
				CLANG_WARN_OBJC_LITERAL_CONVERSION = YES;
				CLANG_WARN_OBJC_ROOT_CLASS = YES_ERROR;
				CLANG_WARN_RANGE_LOOP_ANALYSIS = YES;
				CLANG_WARN_STRICT_PROTOTYPES = YES;
				CLANG_WARN_SUSPICIOUS_MOVE = YES;
				CLANG_WARN_SUSPICIOUS_MOVES = YES;
				CLANG_WARN_UNREACHABLE_CODE = YES;
				CLANG_WARN__DUPLICATE_METHOD_MATCH = YES;
				"CODE_SIGN_IDENTITY[sdk=iphoneos*]" = "iPhone Developer";
				COPY_PHASE_STRIP = NO;
				CURRENT_PROJECT_VERSION = 1;
				DEBUG_INFORMATION_FORMAT = "dwarf-with-dsym";
				ENABLE_NS_ASSERTIONS = NO;
				ENABLE_STRICT_OBJC_MSGSEND = YES;
				GCC_C_LANGUAGE_STANDARD = gnu99;
				GCC_NO_COMMON_BLOCKS = YES;
				GCC_WARN_64_TO_32_BIT_CONVERSION = YES;
				GCC_WARN_ABOUT_RETURN_TYPE = YES_ERROR;
				GCC_WARN_UNDECLARED_SELECTOR = YES;
				GCC_WARN_UNINITIALIZED_AUTOS = YES_AGGRESSIVE;
				GCC_WARN_UNUSED_FUNCTION = YES;
				GCC_WARN_UNUSED_VARIABLE = YES;
				IPHONEOS_DEPLOYMENT_TARGET = 8.0;
				MTL_ENABLE_DEBUG_INFO = NO;
				SDKROOT = iphoneos;
				SWIFT_COMPILATION_MODE = wholemodule;
				SWIFT_OPTIMIZATION_LEVEL = "-O";
				SWIFT_VERSION = 4.0;
				TARGETED_DEVICE_FAMILY = "1,2";
				VALIDATE_PRODUCT = YES;
				VERSIONING_SYSTEM = "apple-generic";
				VERSION_INFO_PREFIX = "";
			};
			name = Release;
		};
		3549BB271DA389CD00C63030 /* Debug */ = {
			isa = XCBuildConfiguration;
			buildSettings = {
				CODE_SIGN_IDENTITY = "";
				DEFINES_MODULE = YES;
				DYLIB_COMPATIBILITY_VERSION = 1;
				DYLIB_CURRENT_VERSION = 1;
				DYLIB_INSTALL_NAME_BASE = "@rpath";
				FRAMEWORK_SEARCH_PATHS = (
					"$(inherited)",
					"$(PROJECT_DIR)/Carthage/Build/iOS",
				);
				INFOPLIST_FILE = "$(SRCROOT)/Sources/Supporting Files/Info.plist";
				INSTALL_PATH = "$(LOCAL_LIBRARY_DIR)/Frameworks";
				IPHONEOS_DEPLOYMENT_TARGET = 9.0;
				LD_RUNPATH_SEARCH_PATHS = (
					"$(inherited)",
					"@executable_path/Frameworks",
					"@loader_path/Frameworks",
				);
				PRODUCT_BUNDLE_IDENTIFIER = com.dangthaison91.RxASDataSources;
				PRODUCT_NAME = RxASDataSources;
				SKIP_INSTALL = YES;
				SWIFT_VERSION = 5.0;
			};
			name = Debug;
		};
		3549BB281DA389CD00C63030 /* Release */ = {
			isa = XCBuildConfiguration;
			buildSettings = {
				CODE_SIGN_IDENTITY = "";
				DEFINES_MODULE = YES;
				DYLIB_COMPATIBILITY_VERSION = 1;
				DYLIB_CURRENT_VERSION = 1;
				DYLIB_INSTALL_NAME_BASE = "@rpath";
				FRAMEWORK_SEARCH_PATHS = (
					"$(inherited)",
					"$(PROJECT_DIR)/Carthage/Build/iOS",
				);
				INFOPLIST_FILE = "$(SRCROOT)/Sources/Supporting Files/Info.plist";
				INSTALL_PATH = "$(LOCAL_LIBRARY_DIR)/Frameworks";
				IPHONEOS_DEPLOYMENT_TARGET = 9.0;
				LD_RUNPATH_SEARCH_PATHS = (
					"$(inherited)",
					"@executable_path/Frameworks",
					"@loader_path/Frameworks",
				);
				PRODUCT_BUNDLE_IDENTIFIER = com.dangthaison91.RxASDataSources;
				PRODUCT_NAME = RxASDataSources;
				SKIP_INSTALL = YES;
				SWIFT_VERSION = 5.0;
			};
			name = Release;
		};
		57826BB71F29491800FB0414 /* Debug */ = {
			isa = XCBuildConfiguration;
			buildSettings = {
				ASSETCATALOG_COMPILER_APPICON_NAME = AppIcon;
				CLANG_ANALYZER_NUMBER_OBJECT_CONVERSION = YES_AGGRESSIVE;
				"CODE_SIGN_IDENTITY[sdk=iphoneos*]" = "iPhone Developer";
				DEVELOPMENT_TEAM = MRS6F96DBN;
				FRAMEWORK_SEARCH_PATHS = (
					"$(inherited)",
					"$(PROJECT_DIR)/Carthage/Checkouts/RxSwift/build/Debug-iphoneos",
					"$(PROJECT_DIR)/Carthage/Checkouts/RxDataSources/build/Debug-iphoneos",
					"$(PROJECT_DIR)/Carthage/Build/iOS",
				);
				INFOPLIST_FILE = Example/Info.plist;
				IPHONEOS_DEPLOYMENT_TARGET = 9.0;
				LD_RUNPATH_SEARCH_PATHS = (
					"$(inherited)",
					"@executable_path/Frameworks",
				);
				PRODUCT_BUNDLE_IDENTIFIER = com.dangthaison91.Example;
				PRODUCT_NAME = "$(TARGET_NAME)";
				PROVISIONING_PROFILE_SPECIFIER = "";
				SWIFT_VERSION = 5.0;
			};
			name = Debug;
		};
		57826BB81F29491800FB0414 /* Release */ = {
			isa = XCBuildConfiguration;
			buildSettings = {
				ASSETCATALOG_COMPILER_APPICON_NAME = AppIcon;
				CLANG_ANALYZER_NUMBER_OBJECT_CONVERSION = YES_AGGRESSIVE;
				"CODE_SIGN_IDENTITY[sdk=iphoneos*]" = "iPhone Developer";
				DEVELOPMENT_TEAM = MRS6F96DBN;
				FRAMEWORK_SEARCH_PATHS = (
					"$(inherited)",
					"$(PROJECT_DIR)/Carthage/Checkouts/RxSwift/build/Debug-iphoneos",
					"$(PROJECT_DIR)/Carthage/Checkouts/RxDataSources/build/Debug-iphoneos",
					"$(PROJECT_DIR)/Carthage/Build/iOS",
				);
				INFOPLIST_FILE = Example/Info.plist;
				IPHONEOS_DEPLOYMENT_TARGET = 9.0;
				LD_RUNPATH_SEARCH_PATHS = (
					"$(inherited)",
					"@executable_path/Frameworks",
				);
				PRODUCT_BUNDLE_IDENTIFIER = com.dangthaison91.Example;
				PRODUCT_NAME = "$(TARGET_NAME)";
				PROVISIONING_PROFILE_SPECIFIER = "";
				SWIFT_VERSION = 5.0;
			};
			name = Release;
		};
/* End XCBuildConfiguration section */

/* Begin XCConfigurationList section */
		3549BAFF1DA387DB00C63030 /* Build configuration list for PBXProject "RxASDataSources" */ = {
			isa = XCConfigurationList;
			buildConfigurations = (
				3549BB0B1DA387DB00C63030 /* Debug */,
				3549BB0C1DA387DB00C63030 /* Release */,
			);
			defaultConfigurationIsVisible = 0;
			defaultConfigurationName = Release;
		};
		3549BB261DA389CD00C63030 /* Build configuration list for PBXNativeTarget "RxASDataSources" */ = {
			isa = XCConfigurationList;
			buildConfigurations = (
				3549BB271DA389CD00C63030 /* Debug */,
				3549BB281DA389CD00C63030 /* Release */,
			);
			defaultConfigurationIsVisible = 0;
			defaultConfigurationName = Release;
		};
		57826BB61F29491800FB0414 /* Build configuration list for PBXNativeTarget "Example" */ = {
			isa = XCConfigurationList;
			buildConfigurations = (
				57826BB71F29491800FB0414 /* Debug */,
				57826BB81F29491800FB0414 /* Release */,
			);
			defaultConfigurationIsVisible = 0;
			defaultConfigurationName = Release;
		};
/* End XCConfigurationList section */
	};
	rootObject = 3549BAFC1DA387DB00C63030 /* Project object */;
}
